// !$*UTF8*$!
{
	archiveVersion = 1;
	classes = {
	};
	objectVersion = 56;
	objects = {

/* Begin PBXBuildFile section */
		862086BB2B0CD29F001D3D39 /* AppDelegate.swift in Sources */ = {isa = PBXBuildFile; fileRef = 862086BA2B0CD29F001D3D39 /* AppDelegate.swift */; };
		862086BD2B0CD29F001D3D39 /* SceneDelegate.swift in Sources */ = {isa = PBXBuildFile; fileRef = 862086BC2B0CD29F001D3D39 /* SceneDelegate.swift */; };
		862086BF2B0CD29F001D3D39 /* ViewController.swift in Sources */ = {isa = PBXBuildFile; fileRef = 862086BE2B0CD29F001D3D39 /* ViewController.swift */; };
		862086C22B0CD29F001D3D39 /* Main.storyboard in Resources */ = {isa = PBXBuildFile; fileRef = 862086C02B0CD29F001D3D39 /* Main.storyboard */; };
		862086C42B0CD2A2001D3D39 /* Assets.xcassets in Resources */ = {isa = PBXBuildFile; fileRef = 862086C32B0CD2A2001D3D39 /* Assets.xcassets */; };
		862086C72B0CD2A2001D3D39 /* LaunchScreen.storyboard in Resources */ = {isa = PBXBuildFile; fileRef = 862086C52B0CD2A2001D3D39 /* LaunchScreen.storyboard */; };
		8629EDEC2B19BE5D00189A1C /* HashExtension.swift in Sources */ = {isa = PBXBuildFile; fileRef = 8629EDEB2B19BE5D00189A1C /* HashExtension.swift */; };
		8629EDF22B19D6FF00189A1C /* StoriesListViewController.swift in Sources */ = {isa = PBXBuildFile; fileRef = 8629EDF12B19D6FF00189A1C /* StoriesListViewController.swift */; };
		8629EDF42B19D71300189A1C /* StoriesListCoordinator.swift in Sources */ = {isa = PBXBuildFile; fileRef = 8629EDF32B19D71300189A1C /* StoriesListCoordinator.swift */; };
		8629EDF62B19D72D00189A1C /* StoriesListViewModel.swift in Sources */ = {isa = PBXBuildFile; fileRef = 8629EDF52B19D72D00189A1C /* StoriesListViewModel.swift */; };
		8629EDF82B19D73E00189A1C /* EventsListViewController.swift in Sources */ = {isa = PBXBuildFile; fileRef = 8629EDF72B19D73E00189A1C /* EventsListViewController.swift */; };
		8629EDFA2B19D75200189A1C /* EventsListCoordinator.swift in Sources */ = {isa = PBXBuildFile; fileRef = 8629EDF92B19D75200189A1C /* EventsListCoordinator.swift */; };
		8629EDFC2B19D76400189A1C /* EventsListViewModel.swift in Sources */ = {isa = PBXBuildFile; fileRef = 8629EDFB2B19D76400189A1C /* EventsListViewModel.swift */; };
		8629EDFE2B19D77300189A1C /* SeriesListCoordinator.swift in Sources */ = {isa = PBXBuildFile; fileRef = 8629EDFD2B19D77300189A1C /* SeriesListCoordinator.swift */; };
		8629EE002B19D79100189A1C /* SeriesListViewController.swift in Sources */ = {isa = PBXBuildFile; fileRef = 8629EDFF2B19D79100189A1C /* SeriesListViewController.swift */; };
		8629EE022B19D79F00189A1C /* SeriesListViewModel.swift in Sources */ = {isa = PBXBuildFile; fileRef = 8629EE012B19D79E00189A1C /* SeriesListViewModel.swift */; };
		863E21532B15F44D002B3ADF /* ComicListCoordinator.swift in Sources */ = {isa = PBXBuildFile; fileRef = 863E21522B15F44D002B3ADF /* ComicListCoordinator.swift */; };
		863E21552B15F4E7002B3ADF /* ComicListViewModel.swift in Sources */ = {isa = PBXBuildFile; fileRef = 863E21542B15F4E7002B3ADF /* ComicListViewModel.swift */; };
		86421EBB2B109EA40058D1AE /* ComicListViewController.swift in Sources */ = {isa = PBXBuildFile; fileRef = 86421EBA2B109EA40058D1AE /* ComicListViewController.swift */; };
		B1D1ABD82B1DD3B800F97650 /* CharactersListViewController.swift in Sources */ = {isa = PBXBuildFile; fileRef = B1D1ABD72B1DD3B800F97650 /* CharactersListViewController.swift */; };
/* End PBXBuildFile section */

/* Begin PBXFileReference section */
		862086B72B0CD29F001D3D39 /* Marvel.app */ = {isa = PBXFileReference; explicitFileType = wrapper.application; includeInIndex = 0; path = Marvel.app; sourceTree = BUILT_PRODUCTS_DIR; };
		862086BA2B0CD29F001D3D39 /* AppDelegate.swift */ = {isa = PBXFileReference; lastKnownFileType = sourcecode.swift; path = AppDelegate.swift; sourceTree = "<group>"; };
		862086BC2B0CD29F001D3D39 /* SceneDelegate.swift */ = {isa = PBXFileReference; lastKnownFileType = sourcecode.swift; path = SceneDelegate.swift; sourceTree = "<group>"; };
		862086BE2B0CD29F001D3D39 /* ViewController.swift */ = {isa = PBXFileReference; lastKnownFileType = sourcecode.swift; path = ViewController.swift; sourceTree = "<group>"; };
		862086C12B0CD29F001D3D39 /* Base */ = {isa = PBXFileReference; lastKnownFileType = file.storyboard; name = Base; path = Base.lproj/Main.storyboard; sourceTree = "<group>"; };
		862086C32B0CD2A2001D3D39 /* Assets.xcassets */ = {isa = PBXFileReference; lastKnownFileType = folder.assetcatalog; path = Assets.xcassets; sourceTree = "<group>"; };
		862086C62B0CD2A2001D3D39 /* Base */ = {isa = PBXFileReference; lastKnownFileType = file.storyboard; name = Base; path = Base.lproj/LaunchScreen.storyboard; sourceTree = "<group>"; };
		862086C82B0CD2A2001D3D39 /* Info.plist */ = {isa = PBXFileReference; lastKnownFileType = text.plist.xml; path = Info.plist; sourceTree = "<group>"; };
		8629EDEB2B19BE5D00189A1C /* HashExtension.swift */ = {isa = PBXFileReference; lastKnownFileType = sourcecode.swift; path = HashExtension.swift; sourceTree = "<group>"; };
		8629EDF12B19D6FF00189A1C /* StoriesListViewController.swift */ = {isa = PBXFileReference; lastKnownFileType = sourcecode.swift; path = StoriesListViewController.swift; sourceTree = "<group>"; };
		8629EDF32B19D71300189A1C /* StoriesListCoordinator.swift */ = {isa = PBXFileReference; lastKnownFileType = sourcecode.swift; path = StoriesListCoordinator.swift; sourceTree = "<group>"; };
		8629EDF52B19D72D00189A1C /* StoriesListViewModel.swift */ = {isa = PBXFileReference; lastKnownFileType = sourcecode.swift; path = StoriesListViewModel.swift; sourceTree = "<group>"; };
		8629EDF72B19D73E00189A1C /* EventsListViewController.swift */ = {isa = PBXFileReference; lastKnownFileType = sourcecode.swift; path = EventsListViewController.swift; sourceTree = "<group>"; };
		8629EDF92B19D75200189A1C /* EventsListCoordinator.swift */ = {isa = PBXFileReference; lastKnownFileType = sourcecode.swift; path = EventsListCoordinator.swift; sourceTree = "<group>"; };
		8629EDFB2B19D76400189A1C /* EventsListViewModel.swift */ = {isa = PBXFileReference; lastKnownFileType = sourcecode.swift; path = EventsListViewModel.swift; sourceTree = "<group>"; };
		8629EDFD2B19D77300189A1C /* SeriesListCoordinator.swift */ = {isa = PBXFileReference; lastKnownFileType = sourcecode.swift; path = SeriesListCoordinator.swift; sourceTree = "<group>"; };
		8629EDFF2B19D79100189A1C /* SeriesListViewController.swift */ = {isa = PBXFileReference; lastKnownFileType = sourcecode.swift; path = SeriesListViewController.swift; sourceTree = "<group>"; };
		8629EE012B19D79E00189A1C /* SeriesListViewModel.swift */ = {isa = PBXFileReference; lastKnownFileType = sourcecode.swift; path = SeriesListViewModel.swift; sourceTree = "<group>"; };
		863E21522B15F44D002B3ADF /* ComicListCoordinator.swift */ = {isa = PBXFileReference; lastKnownFileType = sourcecode.swift; path = ComicListCoordinator.swift; sourceTree = "<group>"; };
		863E21542B15F4E7002B3ADF /* ComicListViewModel.swift */ = {isa = PBXFileReference; lastKnownFileType = sourcecode.swift; path = ComicListViewModel.swift; sourceTree = "<group>"; };
		86421EBA2B109EA40058D1AE /* ComicListViewController.swift */ = {isa = PBXFileReference; lastKnownFileType = sourcecode.swift; path = ComicListViewController.swift; sourceTree = "<group>"; };
		B1D1ABD72B1DD3B800F97650 /* CharactersListViewController.swift */ = {isa = PBXFileReference; lastKnownFileType = sourcecode.swift; path = CharactersListViewController.swift; sourceTree = "<group>"; };
/* End PBXFileReference section */

/* Begin PBXFrameworksBuildPhase section */
		862086B42B0CD29F001D3D39 /* Frameworks */ = {
			isa = PBXFrameworksBuildPhase;
			buildActionMask = 2147483647;
			files = (
			);
			runOnlyForDeploymentPostprocessing = 0;
		};
/* End PBXFrameworksBuildPhase section */

/* Begin PBXGroup section */
		862086AE2B0CD29F001D3D39 = {
			isa = PBXGroup;
			children = (
				862086B92B0CD29F001D3D39 /* Marvel */,
				862086B82B0CD29F001D3D39 /* Products */,
			);
			sourceTree = "<group>";
		};
		862086B82B0CD29F001D3D39 /* Products */ = {
			isa = PBXGroup;
			children = (
				862086B72B0CD29F001D3D39 /* Marvel.app */,
			);
			name = Products;
			sourceTree = "<group>";
		};
		862086B92B0CD29F001D3D39 /* Marvel */ = {
			isa = PBXGroup;
			children = (
				862086BA2B0CD29F001D3D39 /* AppDelegate.swift */,
				862086BC2B0CD29F001D3D39 /* SceneDelegate.swift */,
				862086BE2B0CD29F001D3D39 /* ViewController.swift */,
				862086C02B0CD29F001D3D39 /* Main.storyboard */,
				862086C32B0CD2A2001D3D39 /* Assets.xcassets */,
				862086C52B0CD2A2001D3D39 /* LaunchScreen.storyboard */,
				862086C82B0CD2A2001D3D39 /* Info.plist */,
				B1D1ABD42B1DD31100F97650 /* FCharactersList */,
				8629EDED2B19D25900189A1C /* Extensions */,
				86421EB92B109E860058D1AE /* ComicList */,
				8629EDEE2B19D42900189A1C /* StoriesList */,
				8629EDEF2B19D46E00189A1C /* EventsList */,
				8629EDF02B19D48000189A1C /* SeriesList */,
			);
			path = Marvel;
			sourceTree = "<group>";
		};
		8629EDED2B19D25900189A1C /* Extensions */ = {
			isa = PBXGroup;
			children = (
				8629EDEB2B19BE5D00189A1C /* HashExtension.swift */,
			);
			path = Extensions;
			sourceTree = "<group>";
		};
		8629EDEE2B19D42900189A1C /* StoriesList */ = {
			isa = PBXGroup;
			children = (
				8629EDF12B19D6FF00189A1C /* StoriesListViewController.swift */,
				8629EDF32B19D71300189A1C /* StoriesListCoordinator.swift */,
				8629EDF52B19D72D00189A1C /* StoriesListViewModel.swift */,
			);
			path = StoriesList;
			sourceTree = "<group>";
		};
		8629EDEF2B19D46E00189A1C /* EventsList */ = {
			isa = PBXGroup;
			children = (
				8629EDF72B19D73E00189A1C /* EventsListViewController.swift */,
				8629EDF92B19D75200189A1C /* EventsListCoordinator.swift */,
				8629EDFB2B19D76400189A1C /* EventsListViewModel.swift */,
			);
			path = EventsList;
			sourceTree = "<group>";
		};
		8629EDF02B19D48000189A1C /* SeriesList */ = {
			isa = PBXGroup;
			children = (
				8629EDFF2B19D79100189A1C /* SeriesListViewController.swift */,
				8629EDFD2B19D77300189A1C /* SeriesListCoordinator.swift */,
				8629EE012B19D79E00189A1C /* SeriesListViewModel.swift */,
			);
			path = SeriesList;
			sourceTree = "<group>";
		};
		86421EB92B109E860058D1AE /* ComicList */ = {
			isa = PBXGroup;
			children = (
				86421EBA2B109EA40058D1AE /* ComicListViewController.swift */,
				863E21522B15F44D002B3ADF /* ComicListCoordinator.swift */,
				863E21542B15F4E7002B3ADF /* ComicListViewModel.swift */,
			);
			path = ComicList;
			sourceTree = "<group>";
		};
		B1D1ABD42B1DD31100F97650 /* FCharactersList */ = {
			isa = PBXGroup;
			children = (
				B1D1ABD72B1DD3B800F97650 /* CharactersListViewController.swift */,
			);
			path = FCharactersList;
			sourceTree = "<group>";
		};
/* End PBXGroup section */

/* Begin PBXNativeTarget section */
		862086B62B0CD29F001D3D39 /* Marvel */ = {
			isa = PBXNativeTarget;
			buildConfigurationList = 862086CB2B0CD2A2001D3D39 /* Build configuration list for PBXNativeTarget "Marvel" */;
			buildPhases = (
				862086B32B0CD29F001D3D39 /* Sources */,
				862086B42B0CD29F001D3D39 /* Frameworks */,
				862086B52B0CD29F001D3D39 /* Resources */,
			);
			buildRules = (
			);
			dependencies = (
			);
			name = Marvel;
			productName = Marvel;
			productReference = 862086B72B0CD29F001D3D39 /* Marvel.app */;
			productType = "com.apple.product-type.application";
		};
/* End PBXNativeTarget section */

/* Begin PBXProject section */
		862086AF2B0CD29F001D3D39 /* Project object */ = {
			isa = PBXProject;
			attributes = {
				BuildIndependentTargetsInParallel = 1;
				KnownAssetTags = (
					New,
					"New-1",
				);
				LastSwiftUpdateCheck = 1500;
				LastUpgradeCheck = 1500;
				TargetAttributes = {
					862086B62B0CD29F001D3D39 = {
						CreatedOnToolsVersion = 15.0;
					};
				};
			};
			buildConfigurationList = 862086B22B0CD29F001D3D39 /* Build configuration list for PBXProject "Marvel" */;
			compatibilityVersion = "Xcode 14.0";
			developmentRegion = en;
			hasScannedForEncodings = 0;
			knownRegions = (
				en,
				Base,
			);
			mainGroup = 862086AE2B0CD29F001D3D39;
			productRefGroup = 862086B82B0CD29F001D3D39 /* Products */;
			projectDirPath = "";
			projectRoot = "";
			targets = (
				862086B62B0CD29F001D3D39 /* Marvel */,
			);
		};
/* End PBXProject section */

/* Begin PBXResourcesBuildPhase section */
		862086B52B0CD29F001D3D39 /* Resources */ = {
			isa = PBXResourcesBuildPhase;
			buildActionMask = 2147483647;
			files = (
				862086C72B0CD2A2001D3D39 /* LaunchScreen.storyboard in Resources */,
				862086C42B0CD2A2001D3D39 /* Assets.xcassets in Resources */,
				862086C22B0CD29F001D3D39 /* Main.storyboard in Resources */,
			);
			runOnlyForDeploymentPostprocessing = 0;
		};
/* End PBXResourcesBuildPhase section */

/* Begin PBXSourcesBuildPhase section */
		862086B32B0CD29F001D3D39 /* Sources */ = {
			isa = PBXSourcesBuildPhase;
			buildActionMask = 2147483647;
			files = (
				863E21532B15F44D002B3ADF /* ComicListCoordinator.swift in Sources */,
				8629EDF62B19D72D00189A1C /* StoriesListViewModel.swift in Sources */,
				8629EE002B19D79100189A1C /* SeriesListViewController.swift in Sources */,
				8629EDF22B19D6FF00189A1C /* StoriesListViewController.swift in Sources */,
				8629EDEC2B19BE5D00189A1C /* HashExtension.swift in Sources */,
				862086BF2B0CD29F001D3D39 /* ViewController.swift in Sources */,
				8629EDFE2B19D77300189A1C /* SeriesListCoordinator.swift in Sources */,
				B1D1ABD82B1DD3B800F97650 /* CharactersListViewController.swift in Sources */,
				8629EE022B19D79F00189A1C /* SeriesListViewModel.swift in Sources */,
				86421EBB2B109EA40058D1AE /* ComicListViewController.swift in Sources */,
				8629EDF82B19D73E00189A1C /* EventsListViewController.swift in Sources */,
				8629EDFA2B19D75200189A1C /* EventsListCoordinator.swift in Sources */,
				862086BB2B0CD29F001D3D39 /* AppDelegate.swift in Sources */,
				8629EDFC2B19D76400189A1C /* EventsListViewModel.swift in Sources */,
				862086BD2B0CD29F001D3D39 /* SceneDelegate.swift in Sources */,
				863E21552B15F4E7002B3ADF /* ComicListViewModel.swift in Sources */,
				8629EDF42B19D71300189A1C /* StoriesListCoordinator.swift in Sources */,
			);
			runOnlyForDeploymentPostprocessing = 0;
		};
/* End PBXSourcesBuildPhase section */

/* Begin PBXVariantGroup section */
		862086C02B0CD29F001D3D39 /* Main.storyboard */ = {
			isa = PBXVariantGroup;
			children = (
				862086C12B0CD29F001D3D39 /* Base */,
			);
			name = Main.storyboard;
			sourceTree = "<group>";
		};
		862086C52B0CD2A2001D3D39 /* LaunchScreen.storyboard */ = {
			isa = PBXVariantGroup;
			children = (
				862086C62B0CD2A2001D3D39 /* Base */,
			);
			name = LaunchScreen.storyboard;
			sourceTree = "<group>";
		};
/* End PBXVariantGroup section */

/* Begin XCBuildConfiguration section */
		862086C92B0CD2A2001D3D39 /* Debug */ = {
			isa = XCBuildConfiguration;
			buildSettings = {
				ALWAYS_SEARCH_USER_PATHS = NO;
				ASSETCATALOG_COMPILER_GENERATE_SWIFT_ASSET_SYMBOL_EXTENSIONS = YES;
				CLANG_ANALYZER_NONNULL = YES;
				CLANG_ANALYZER_NUMBER_OBJECT_CONVERSION = YES_AGGRESSIVE;
				CLANG_CXX_LANGUAGE_STANDARD = "gnu++20";
				CLANG_ENABLE_MODULES = YES;
				CLANG_ENABLE_OBJC_ARC = YES;
				CLANG_ENABLE_OBJC_WEAK = YES;
				CLANG_WARN_BLOCK_CAPTURE_AUTORELEASING = YES;
				CLANG_WARN_BOOL_CONVERSION = YES;
				CLANG_WARN_COMMA = YES;
				CLANG_WARN_CONSTANT_CONVERSION = YES;
				CLANG_WARN_DEPRECATED_OBJC_IMPLEMENTATIONS = YES;
				CLANG_WARN_DIRECT_OBJC_ISA_USAGE = YES_ERROR;
				CLANG_WARN_DOCUMENTATION_COMMENTS = YES;
				CLANG_WARN_EMPTY_BODY = YES;
				CLANG_WARN_ENUM_CONVERSION = YES;
				CLANG_WARN_INFINITE_RECURSION = YES;
				CLANG_WARN_INT_CONVERSION = YES;
				CLANG_WARN_NON_LITERAL_NULL_CONVERSION = YES;
				CLANG_WARN_OBJC_IMPLICIT_RETAIN_SELF = YES;
				CLANG_WARN_OBJC_LITERAL_CONVERSION = YES;
				CLANG_WARN_OBJC_ROOT_CLASS = YES_ERROR;
				CLANG_WARN_QUOTED_INCLUDE_IN_FRAMEWORK_HEADER = YES;
				CLANG_WARN_RANGE_LOOP_ANALYSIS = YES;
				CLANG_WARN_STRICT_PROTOTYPES = YES;
				CLANG_WARN_SUSPICIOUS_MOVE = YES;
				CLANG_WARN_UNGUARDED_AVAILABILITY = YES_AGGRESSIVE;
				CLANG_WARN_UNREACHABLE_CODE = YES;
				CLANG_WARN__DUPLICATE_METHOD_MATCH = YES;
				COPY_PHASE_STRIP = NO;
				DEBUG_INFORMATION_FORMAT = dwarf;
				ENABLE_STRICT_OBJC_MSGSEND = YES;
				ENABLE_TESTABILITY = YES;
				ENABLE_USER_SCRIPT_SANDBOXING = YES;
				GCC_C_LANGUAGE_STANDARD = gnu17;
				GCC_DYNAMIC_NO_PIC = NO;
				GCC_NO_COMMON_BLOCKS = YES;
				GCC_OPTIMIZATION_LEVEL = 0;
				GCC_PREPROCESSOR_DEFINITIONS = (
					"DEBUG=1",
					"$(inherited)",
				);
				GCC_WARN_64_TO_32_BIT_CONVERSION = YES;
				GCC_WARN_ABOUT_RETURN_TYPE = YES_ERROR;
				GCC_WARN_UNDECLARED_SELECTOR = YES;
				GCC_WARN_UNINITIALIZED_AUTOS = YES_AGGRESSIVE;
				GCC_WARN_UNUSED_FUNCTION = YES;
				GCC_WARN_UNUSED_VARIABLE = YES;
				IPHONEOS_DEPLOYMENT_TARGET = 17.0;
				LOCALIZATION_PREFERS_STRING_CATALOGS = YES;
				MTL_ENABLE_DEBUG_INFO = INCLUDE_SOURCE;
				MTL_FAST_MATH = YES;
				ONLY_ACTIVE_ARCH = YES;
				SDKROOT = iphoneos;
				SWIFT_ACTIVE_COMPILATION_CONDITIONS = "DEBUG $(inherited)";
				SWIFT_OPTIMIZATION_LEVEL = "-Onone";
			};
			name = Debug;
		};
		862086CA2B0CD2A2001D3D39 /* Release */ = {
			isa = XCBuildConfiguration;
			buildSettings = {
				ALWAYS_SEARCH_USER_PATHS = NO;
				ASSETCATALOG_COMPILER_GENERATE_SWIFT_ASSET_SYMBOL_EXTENSIONS = YES;
				CLANG_ANALYZER_NONNULL = YES;
				CLANG_ANALYZER_NUMBER_OBJECT_CONVERSION = YES_AGGRESSIVE;
				CLANG_CXX_LANGUAGE_STANDARD = "gnu++20";
				CLANG_ENABLE_MODULES = YES;
				CLANG_ENABLE_OBJC_ARC = YES;
				CLANG_ENABLE_OBJC_WEAK = YES;
				CLANG_WARN_BLOCK_CAPTURE_AUTORELEASING = YES;
				CLANG_WARN_BOOL_CONVERSION = YES;
				CLANG_WARN_COMMA = YES;
				CLANG_WARN_CONSTANT_CONVERSION = YES;
				CLANG_WARN_DEPRECATED_OBJC_IMPLEMENTATIONS = YES;
				CLANG_WARN_DIRECT_OBJC_ISA_USAGE = YES_ERROR;
				CLANG_WARN_DOCUMENTATION_COMMENTS = YES;
				CLANG_WARN_EMPTY_BODY = YES;
				CLANG_WARN_ENUM_CONVERSION = YES;
				CLANG_WARN_INFINITE_RECURSION = YES;
				CLANG_WARN_INT_CONVERSION = YES;
				CLANG_WARN_NON_LITERAL_NULL_CONVERSION = YES;
				CLANG_WARN_OBJC_IMPLICIT_RETAIN_SELF = YES;
				CLANG_WARN_OBJC_LITERAL_CONVERSION = YES;
				CLANG_WARN_OBJC_ROOT_CLASS = YES_ERROR;
				CLANG_WARN_QUOTED_INCLUDE_IN_FRAMEWORK_HEADER = YES;
				CLANG_WARN_RANGE_LOOP_ANALYSIS = YES;
				CLANG_WARN_STRICT_PROTOTYPES = YES;
				CLANG_WARN_SUSPICIOUS_MOVE = YES;
				CLANG_WARN_UNGUARDED_AVAILABILITY = YES_AGGRESSIVE;
				CLANG_WARN_UNREACHABLE_CODE = YES;
				CLANG_WARN__DUPLICATE_METHOD_MATCH = YES;
				COPY_PHASE_STRIP = NO;
				DEBUG_INFORMATION_FORMAT = "dwarf-with-dsym";
				ENABLE_NS_ASSERTIONS = NO;
				ENABLE_STRICT_OBJC_MSGSEND = YES;
				ENABLE_USER_SCRIPT_SANDBOXING = YES;
				GCC_C_LANGUAGE_STANDARD = gnu17;
				GCC_NO_COMMON_BLOCKS = YES;
				GCC_WARN_64_TO_32_BIT_CONVERSION = YES;
				GCC_WARN_ABOUT_RETURN_TYPE = YES_ERROR;
				GCC_WARN_UNDECLARED_SELECTOR = YES;
				GCC_WARN_UNINITIALIZED_AUTOS = YES_AGGRESSIVE;
				GCC_WARN_UNUSED_FUNCTION = YES;
				GCC_WARN_UNUSED_VARIABLE = YES;
				IPHONEOS_DEPLOYMENT_TARGET = 17.0;
				LOCALIZATION_PREFERS_STRING_CATALOGS = YES;
				MTL_ENABLE_DEBUG_INFO = NO;
				MTL_FAST_MATH = YES;
				SDKROOT = iphoneos;
				SWIFT_COMPILATION_MODE = wholemodule;
				VALIDATE_PRODUCT = YES;
			};
			name = Release;
		};
		862086CC2B0CD2A2001D3D39 /* Debug */ = {
			isa = XCBuildConfiguration;
			buildSettings = {
				ASSETCATALOG_COMPILER_APPICON_NAME = AppIcon;
				ASSETCATALOG_COMPILER_GLOBAL_ACCENT_COLOR_NAME = AccentColor;
				CODE_SIGN_STYLE = Automatic;
				CURRENT_PROJECT_VERSION = 1;
				DEVELOPMENT_TEAM = A523V7ALY6;
				GENERATE_INFOPLIST_FILE = YES;
				INFOPLIST_FILE = Marvel/Info.plist;
				INFOPLIST_KEY_UIApplicationSupportsIndirectInputEvents = YES;
				INFOPLIST_KEY_UILaunchStoryboardName = LaunchScreen;
				INFOPLIST_KEY_UIMainStoryboardFile = Main;
				INFOPLIST_KEY_UISupportedInterfaceOrientations_iPad = "UIInterfaceOrientationPortrait UIInterfaceOrientationPortraitUpsideDown UIInterfaceOrientationLandscapeLeft UIInterfaceOrientationLandscapeRight";
				INFOPLIST_KEY_UISupportedInterfaceOrientations_iPhone = "UIInterfaceOrientationPortrait UIInterfaceOrientationLandscapeLeft UIInterfaceOrientationLandscapeRight";
				IPHONEOS_DEPLOYMENT_TARGET = 16.5;
				LD_RUNPATH_SEARCH_PATHS = (
					"$(inherited)",
					"@executable_path/Frameworks",
				);
				MARKETING_VERSION = 1.0;
				PRODUCT_BUNDLE_IDENTIFIER = Test.Marvel;
				PRODUCT_NAME = "$(TARGET_NAME)";
				SWIFT_EMIT_LOC_STRINGS = YES;
				SWIFT_VERSION = 5.0;
				TARGETED_DEVICE_FAMILY = "1,2";
			};
			name = Debug;
		};
		862086CD2B0CD2A2001D3D39 /* Release */ = {
			isa = XCBuildConfiguration;
			buildSettings = {
				ASSETCATALOG_COMPILER_APPICON_NAME = AppIcon;
				ASSETCATALOG_COMPILER_GLOBAL_ACCENT_COLOR_NAME = AccentColor;
				CODE_SIGN_STYLE = Automatic;
				CURRENT_PROJECT_VERSION = 1;
				DEVELOPMENT_TEAM = A523V7ALY6;
				GENERATE_INFOPLIST_FILE = YES;
				INFOPLIST_FILE = Marvel/Info.plist;
				INFOPLIST_KEY_UIApplicationSupportsIndirectInputEvents = YES;
				INFOPLIST_KEY_UILaunchStoryboardName = LaunchScreen;
				INFOPLIST_KEY_UIMainStoryboardFile = Main;
				INFOPLIST_KEY_UISupportedInterfaceOrientations_iPad = "UIInterfaceOrientationPortrait UIInterfaceOrientationPortraitUpsideDown UIInterfaceOrientationLandscapeLeft UIInterfaceOrientationLandscapeRight";
				INFOPLIST_KEY_UISupportedInterfaceOrientations_iPhone = "UIInterfaceOrientationPortrait UIInterfaceOrientationLandscapeLeft UIInterfaceOrientationLandscapeRight";
				IPHONEOS_DEPLOYMENT_TARGET = 16.5;
				LD_RUNPATH_SEARCH_PATHS = (
					"$(inherited)",
					"@executable_path/Frameworks",
				);
				MARKETING_VERSION = 1.0;
				PRODUCT_BUNDLE_IDENTIFIER = Test.Marvel;
				PRODUCT_NAME = "$(TARGET_NAME)";
				SWIFT_EMIT_LOC_STRINGS = YES;
				SWIFT_VERSION = 5.0;
				TARGETED_DEVICE_FAMILY = "1,2";
			};
			name = Release;
		};
/* End XCBuildConfiguration section */

/* Begin XCConfigurationList section */
		862086B22B0CD29F001D3D39 /* Build configuration list for PBXProject "Marvel" */ = {
			isa = XCConfigurationList;
			buildConfigurations = (
				862086C92B0CD2A2001D3D39 /* Debug */,
				862086CA2B0CD2A2001D3D39 /* Release */,
			);
			defaultConfigurationIsVisible = 0;
			defaultConfigurationName = Release;
		};
		862086CB2B0CD2A2001D3D39 /* Build configuration list for PBXNativeTarget "Marvel" */ = {
			isa = XCConfigurationList;
			buildConfigurations = (
				862086CC2B0CD2A2001D3D39 /* Debug */,
				862086CD2B0CD2A2001D3D39 /* Release */,
			);
			defaultConfigurationIsVisible = 0;
			defaultConfigurationName = Release;
		};
/* End XCConfigurationList section */
	};
	rootObject = 862086AF2B0CD29F001D3D39 /* Project object */;
}
